
Microsoft Visual Studio Solution File, Format Version 12.00
# Visual Studio Version 17
VisualStudioVersion = 17.1.32407.343
MinimumVisualStudioVersion = 10.0.40219.1
Project("{9A19103F-16F7-4668-BE54-9A1E7A4F7556}") = "Singleton", "Singleton\Singleton.csproj", "{2A639F9D-59DA-44AF-B7F9-8623CFFEC13F}"
EndProject
Project("{FAE04EC0-301F-11D3-BF4B-00C04F79EFBC}") = "Factory_Method", "Factory\Factory_Method.csproj", "{0BBB39FA-C4B7-4334-9BD7-75924E9B5DB5}"
EndProject
Project("{FAE04EC0-301F-11D3-BF4B-00C04F79EFBC}") = "Abstract_Factory", "Abstract_Factory\Abstract_Factory.csproj", "{40B86058-2F45-450A-B206-EBB6981D78E7}"
EndProject
Global
	GlobalSection(SolutionConfigurationPlatforms) = preSolution
		Debug|Any CPU = Debug|Any CPU
		Release|Any CPU = Release|Any CPU
	EndGlobalSection
	GlobalSection(ProjectConfigurationPlatforms) = postSolution
		{2A639F9D-59DA-44AF-B7F9-8623CFFEC13F}.Debug|Any CPU.ActiveCfg = Debug|Any CPU
		{2A639F9D-59DA-44AF-B7F9-8623CFFEC13F}.Debug|Any CPU.Build.0 = Debug|Any CPU
		{2A639F9D-59DA-44AF-B7F9-8623CFFEC13F}.Release|Any CPU.ActiveCfg = Release|Any CPU
		{2A639F9D-59DA-44AF-B7F9-8623CFFEC13F}.Release|Any CPU.Build.0 = Release|Any CPU
		{0BBB39FA-C4B7-4334-9BD7-75924E9B5DB5}.Debug|Any CPU.ActiveCfg = Debug|Any CPU
		{0BBB39FA-C4B7-4334-9BD7-75924E9B5DB5}.Debug|Any CPU.Build.0 = Debug|Any CPU
		{0BBB39FA-C4B7-4334-9BD7-75924E9B5DB5}.Release|Any CPU.ActiveCfg = Release|Any CPU
		{0BBB39FA-C4B7-4334-9BD7-75924E9B5DB5}.Release|Any CPU.Build.0 = Release|Any CPU
		{40B86058-2F45-450A-B206-EBB6981D78E7}.Debug|Any CPU.ActiveCfg = Debug|Any CPU
		{40B86058-2F45-450A-B206-EBB6981D78E7}.Debug|Any CPU.Build.0 = Debug|Any CPU
		{40B86058-2F45-450A-B206-EBB6981D78E7}.Release|Any CPU.ActiveCfg = Release|Any CPU
		{40B86058-2F45-450A-B206-EBB6981D78E7}.Release|Any CPU.Build.0 = Release|Any CPU
	EndGlobalSection
	GlobalSection(SolutionProperties) = preSolution
		HideSolutionNode = FALSE
	EndGlobalSection
	GlobalSection(ExtensibilityGlobals) = postSolution
		SolutionGuid = {D7ECCEF1-D571-4CC8-8E83-F08DDAEB664F}
	EndGlobalSection
EndGlobal
